
Microsoft Visual Studio Solution File, Format Version 12.00
# Visual Studio 15
VisualStudioVersion = 15.0.27130.2027
MinimumVisualStudioVersion = 10.0.40219.1
Project("{FAE04EC0-301F-11D3-BF4B-00C04F79EFBC}") = "App3.Android", "App3\App3.Android\App3.Android.csproj", "{BAAB08B8-98C7-4557-8242-E3EB7BDBB57A}"
EndProject
Project("{FAE04EC0-301F-11D3-BF4B-00C04F79EFBC}") = "App3", "App3\App3\App3.csproj", "{B89F8537-20DD-45BB-AD8C-30CBE946A297}"
EndProject
Global
	GlobalSection(SolutionConfigurationPlatforms) = preSolution
		Debug|Any CPU = Debug|Any CPU
		Release|Any CPU = Release|Any CPU
	EndGlobalSection
	GlobalSection(ProjectConfigurationPlatforms) = postSolution
		{BAAB08B8-98C7-4557-8242-E3EB7BDBB57A}.Debug|Any CPU.ActiveCfg = Debug|Any CPU
		{BAAB08B8-98C7-4557-8242-E3EB7BDBB57A}.Debug|Any CPU.Build.0 = Debug|Any CPU
		{BAAB08B8-98C7-4557-8242-E3EB7BDBB57A}.Debug|Any CPU.Deploy.0 = Debug|Any CPU
		{BAAB08B8-98C7-4557-8242-E3EB7BDBB57A}.Release|Any CPU.ActiveCfg = Release|Any CPU
		{BAAB08B8-98C7-4557-8242-E3EB7BDBB57A}.Release|Any CPU.Build.0 = Release|Any CPU
		{BAAB08B8-98C7-4557-8242-E3EB7BDBB57A}.Release|Any CPU.Deploy.0 = Release|Any CPU
		{B89F8537-20DD-45BB-AD8C-30CBE946A297}.Debug|Any CPU.ActiveCfg = Debug|Any CPU
		{B89F8537-20DD-45BB-AD8C-30CBE946A297}.Debug|Any CPU.Build.0 = Debug|Any CPU
		{B89F8537-20DD-45BB-AD8C-30CBE946A297}.Release|Any CPU.ActiveCfg = Release|Any CPU
		{B89F8537-20DD-45BB-AD8C-30CBE946A297}.Release|Any CPU.Build.0 = Release|Any CPU
	EndGlobalSection
	GlobalSection(SolutionProperties) = preSolution
		HideSolutionNode = FALSE
	EndGlobalSection
	GlobalSection(ExtensibilityGlobals) = postSolution
		SolutionGuid = {BBB52EE2-772D-4C28-969F-67763981E258}
	EndGlobalSection
EndGlobal
